DEPENDENCIES
  apt
  apt_backports
    path: test/fixtures/cookbooks/apt_backports
  authbind
  curl
  elasticsearch_test
    path: test/fixtures/cookbooks/elasticsearch_test
  fqdn
  graylog2
    path: .
    metadata: true
  java
  mongodb

GRAPH
  apt (4.0.1)
    compat_resource (>= 12.10)
  apt_backports (0.0.1)
    apt (>= 0.0.0)
  ark (1.2.0)
    build-essential (>= 0.0.0)
    seven_zip (>= 0.0.0)
    windows (>= 0.0.0)
  authbind (0.1.10)
  build-essential (6.0.3)
    compat_resource (>= 12.10)
    mingw (>= 1.1)
    seven_zip (>= 0.0.0)
  chef-sugar (3.4.0)
  chef_handler (1.4.0)
  compat_resource (12.10.7)
  curl (2.0.1)
  elasticsearch (2.3.2)
    apt (>= 0.0.0)
    ark (>= 0.0.0)
    chef-sugar (>= 0.0.0)
    yum (>= 0.0.0)
  elasticsearch_test (0.0.1)
    apt (>= 0.0.0)
    elasticsearch (>= 0.0.0)
    yum (>= 0.0.0)
  fqdn (0.3.0)
    hostsfile (>= 0.0.0)
    line (>= 0.0.0)
    now (>= 0.0.0)
  graylog2 (2.2.6)
    ark (>= 0.0.0)
    authbind (>= 0.1.8)
    java (>= 0.0.0)
  homebrew (4.2.0)
  hostsfile (2.4.5)
  java (1.50.0)
    apt (>= 0.0.0)
    homebrew (>= 0.0.0)
    windows (>= 0.0.0)
  line (0.6.3)
  mingw (1.2.4)
    compat_resource (>= 0.0.0)
    seven_zip (>= 0.0.0)
  mongodb (0.16.2)
    apt (>= 1.8.2)
    python (>= 0.0.0)
    runit (>= 1.5.0)
    yum (>= 3.0)
  now (0.3.2)
  packagecloud (0.2.4)
  python (1.4.6)
    build-essential (>= 0.0.0)
    yum-epel (>= 0.0.0)
  runit (1.8.0)
    packagecloud (>= 0.0.0)
    yum-epel (>= 0.0.0)
  seven_zip (2.0.1)
    windows (>= 1.2.2)
  windows (1.44.1)
    chef_handler (>= 0.0.0)
  yum (3.11.0)
  yum-epel (0.7.0)
    yum (>= 3.6.3)
