DEPENDENCIES
  apt (~> 2.4)
  fqdn
  torch-graylog2
    path: .
    metadata: true

GRAPH
  7-zip (1.0.2)
    windows (>= 1.2.2)
  apt (2.4.0)
  ark (0.9.0)
    7-zip (>= 0.0.0)
    windows (>= 0.0.0)
  chef_handler (1.1.6)
  fqdn (0.3.0)
    hostsfile (>= 0.0.0)
    line (>= 0.0.0)
    now (>= 0.0.0)
  hostsfile (2.4.5)
  java (1.22.0)
  line (0.5.1)
  monit (0.7.1)
  now (0.3.0)
  torch-graylog2 (0.1.0)
    ark (>= 0.9.0)
    java (>= 0.0.0)
    monit (>= 0.0.0)
  windows (1.31.0)
    chef_handler (>= 0.0.0)
