DEPENDENCIES
  apt
  authbind
  elasticsearch_test
    path: test/fixtures/cookbooks/elasticsearch_test
  fqdn
  graylog2
    path: .
    metadata: true
  java
  mongodb

GRAPH
  apt (3.0.0)
  ark (1.0.1)
    build-essential (>= 0.0.0)
    seven_zip (>= 0.0.0)
    windows (>= 0.0.0)
  authbind (0.1.10)
  build-essential (3.2.0)
    seven_zip (>= 0.0.0)
  chef-sugar (3.3.0)
  chef_handler (1.3.0)
  elasticsearch (2.3.0)
    apt (>= 0.0.0)
    ark (>= 0.0.0)
    chef-sugar (>= 0.0.0)
    yum (>= 0.0.0)
  elasticsearch_test (0.0.1)
    apt (>= 0.0.0)
    elasticsearch (>= 0.0.0)
    yum (>= 0.0.0)
  fqdn (0.3.0)
    hostsfile (>= 0.0.0)
    line (>= 0.0.0)
    now (>= 0.0.0)
  graylog2 (2.0.2)
    ark (>= 0.0.0)
    authbind (>= 0.1.8)
    elasticsearch (>= 0.0.0)
    java (>= 0.0.0)
    mongodb (>= 0.0.0)
  hostsfile (2.4.5)
  java (1.39.0)
    apt (>= 0.0.0)
  line (0.6.3)
  mongodb (0.16.2)
    apt (>= 1.8.2)
    python (>= 0.0.0)
    runit (>= 1.5.0)
    yum (>= 3.0)
  now (0.3.2)
  packagecloud (0.2.0)
  python (1.4.6)
    build-essential (>= 0.0.0)
    yum-epel (>= 0.0.0)
  runit (1.7.6)
    packagecloud (>= 0.0.0)
  seven_zip (2.0.0)
    windows (>= 1.2.2)
  windows (1.39.2)
    chef_handler (>= 0.0.0)
  yum (3.10.0)
  yum-epel (0.6.6)
    yum (~> 3.10.0)
